// !$*UTF8*$!
{
	archiveVersion = 1;
	classes = {
	};
	objectVersion = 55;
	objects = {

/* Begin PBXBuildFile section */
		970A7DA8AD02F6788DA242E8 /* Pods_InstagramClone.framework in Frameworks */ = {isa = PBXBuildFile; fileRef = 4D830555451FDA1290E1ECA9 /* Pods_InstagramClone.framework */; };
		F52E39E6277DD3DF001DD09A /* GoogleService-Info.plist in Resources */ = {isa = PBXBuildFile; fileRef = F52E39E5277DD3DF001DD09A /* GoogleService-Info.plist */; };
		F52E39E8277DDB0E001DD09A /* ImageUploader.swift in Sources */ = {isa = PBXBuildFile; fileRef = F52E39E7277DDB0E001DD09A /* ImageUploader.swift */; };
		F52E39EA277DDB15001DD09A /* AuthService.swift in Sources */ = {isa = PBXBuildFile; fileRef = F52E39E9277DDB15001DD09A /* AuthService.swift */; };
		F52E39FB278CEA42001DD09A /* ProfileCell.swift in Sources */ = {isa = PBXBuildFile; fileRef = F52E39FA278CEA42001DD09A /* ProfileCell.swift */; };
		F52E39FD278CEA6E001DD09A /* ProfileHeader.swift in Sources */ = {isa = PBXBuildFile; fileRef = F52E39FC278CEA6E001DD09A /* ProfileHeader.swift */; };
		F52E3A00278D920D001DD09A /* UserService.swift in Sources */ = {isa = PBXBuildFile; fileRef = F52E39FF278D920D001DD09A /* UserService.swift */; };
		F52E3A02278D9288001DD09A /* Contsants.swift in Sources */ = {isa = PBXBuildFile; fileRef = F52E3A01278D9288001DD09A /* Contsants.swift */; };
		F52E3A04278D94CD001DD09A /* User.swift in Sources */ = {isa = PBXBuildFile; fileRef = F52E3A03278D94CD001DD09A /* User.swift */; };
		F52E3A06278D9A64001DD09A /* ProfileHeaderViewModel.swift in Sources */ = {isa = PBXBuildFile; fileRef = F52E3A05278D9A64001DD09A /* ProfileHeaderViewModel.swift */; };
		F52E3A08278DB2D5001DD09A /* UserCell.swift in Sources */ = {isa = PBXBuildFile; fileRef = F52E3A07278DB2D5001DD09A /* UserCell.swift */; };
		F52E3A0A278DE786001DD09A /* UserCellViewModel.swift in Sources */ = {isa = PBXBuildFile; fileRef = F52E3A09278DE786001DD09A /* UserCellViewModel.swift */; };
		F52E3A0C278F235F001DD09A /* UploadPostController.swift in Sources */ = {isa = PBXBuildFile; fileRef = F52E3A0B278F235F001DD09A /* UploadPostController.swift */; };
		F52E3A0E278F28F1001DD09A /* InputTextView.swift in Sources */ = {isa = PBXBuildFile; fileRef = F52E3A0D278F28F1001DD09A /* InputTextView.swift */; };
		F52E3A10278F3928001DD09A /* PostService.swift in Sources */ = {isa = PBXBuildFile; fileRef = F52E3A0F278F3928001DD09A /* PostService.swift */; };
		F52E3A12278F451B001DD09A /* Post.swift in Sources */ = {isa = PBXBuildFile; fileRef = F52E3A11278F451B001DD09A /* Post.swift */; };
		F52E3A14278F4586001DD09A /* UserStats.swift in Sources */ = {isa = PBXBuildFile; fileRef = F52E3A13278F4586001DD09A /* UserStats.swift */; };
		F52E3A16278F4A5E001DD09A /* PostVIewModel.swift in Sources */ = {isa = PBXBuildFile; fileRef = F52E3A15278F4A5E001DD09A /* PostVIewModel.swift */; };
		F52E3A1827903249001DD09A /* CommentController.swift in Sources */ = {isa = PBXBuildFile; fileRef = F52E3A1727903249001DD09A /* CommentController.swift */; };
		F52E3A1A2790331C001DD09A /* CommentCell.swift in Sources */ = {isa = PBXBuildFile; fileRef = F52E3A192790331C001DD09A /* CommentCell.swift */; };
		F52E3A1C27903C64001DD09A /* CommentInputAccessoryView.swift in Sources */ = {isa = PBXBuildFile; fileRef = F52E3A1B27903C64001DD09A /* CommentInputAccessoryView.swift */; };
		F575665127A1D38E00A6E46A /* CommentViewModel.swift in Sources */ = {isa = PBXBuildFile; fileRef = F575665027A1D38E00A6E46A /* CommentViewModel.swift */; };
		F59993CF2773842100863EAB /* LoginController.swift in Sources */ = {isa = PBXBuildFile; fileRef = F59993CE2773842100863EAB /* LoginController.swift */; };
		F59993D12773842B00863EAB /* RegistrationController.swift in Sources */ = {isa = PBXBuildFile; fileRef = F59993D02773842B00863EAB /* RegistrationController.swift */; };
		F59993D32773909B00863EAB /* CustomTextField.swift in Sources */ = {isa = PBXBuildFile; fileRef = F59993D22773909B00863EAB /* CustomTextField.swift */; };
		F59993D527739A4100863EAB /* CustomAuthenticationButton.swift in Sources */ = {isa = PBXBuildFile; fileRef = F59993D427739A4100863EAB /* CustomAuthenticationButton.swift */; };
		F59993D72773A6E300863EAB /* AuthViewModel.swift in Sources */ = {isa = PBXBuildFile; fileRef = F59993D62773A6E300863EAB /* AuthViewModel.swift */; };
		F5C65A492772F2D80046D9C1 /* AppDelegate.swift in Sources */ = {isa = PBXBuildFile; fileRef = F5C65A482772F2D80046D9C1 /* AppDelegate.swift */; };
		F5C65A4B2772F2D80046D9C1 /* SceneDelegate.swift in Sources */ = {isa = PBXBuildFile; fileRef = F5C65A4A2772F2D80046D9C1 /* SceneDelegate.swift */; };
		F5C65A552772F2DA0046D9C1 /* LaunchScreen.storyboard in Resources */ = {isa = PBXBuildFile; fileRef = F5C65A532772F2DA0046D9C1 /* LaunchScreen.storyboard */; };
		F5C65A5D2772F2FB0046D9C1 /* Assets.xcassets in Resources */ = {isa = PBXBuildFile; fileRef = F5C65A5C2772F2FB0046D9C1 /* Assets.xcassets */; };
		F5C65A6B2772F4740046D9C1 /* MainTabController.swift in Sources */ = {isa = PBXBuildFile; fileRef = F5C65A6A2772F4740046D9C1 /* MainTabController.swift */; };
		F5C65A6D2772F5890046D9C1 /* FeedController.swift in Sources */ = {isa = PBXBuildFile; fileRef = F5C65A6C2772F5890046D9C1 /* FeedController.swift */; };
		F5C65A6F2772F5920046D9C1 /* SearchController.swift in Sources */ = {isa = PBXBuildFile; fileRef = F5C65A6E2772F5920046D9C1 /* SearchController.swift */; };
		F5C65A712772F5A20046D9C1 /* ImageSelectorController.swift in Sources */ = {isa = PBXBuildFile; fileRef = F5C65A702772F5A20046D9C1 /* ImageSelectorController.swift */; };
		F5C65A732772F5BD0046D9C1 /* NotificationsController.swift in Sources */ = {isa = PBXBuildFile; fileRef = F5C65A722772F5BD0046D9C1 /* NotificationsController.swift */; };
		F5C65A752772F5C50046D9C1 /* ProfileController.swift in Sources */ = {isa = PBXBuildFile; fileRef = F5C65A742772F5C50046D9C1 /* ProfileController.swift */; };
		F5C65A772773000F0046D9C1 /* FeedCell.swift in Sources */ = {isa = PBXBuildFile; fileRef = F5C65A762773000F0046D9C1 /* FeedCell.swift */; };
		F5C65A79277301E50046D9C1 /* Extensions.swift in Sources */ = {isa = PBXBuildFile; fileRef = F5C65A78277301E50046D9C1 /* Extensions.swift */; };
		F5DDA9D527907579008E3938 /* CommentService.swift in Sources */ = {isa = PBXBuildFile; fileRef = F5DDA9D427907579008E3938 /* CommentService.swift */; };
		F5DDA9D727907C28008E3938 /* Comment.swift in Sources */ = {isa = PBXBuildFile; fileRef = F5DDA9D627907C28008E3938 /* Comment.swift */; };
/* End PBXBuildFile section */

/* Begin PBXFileReference section */
		4D830555451FDA1290E1ECA9 /* Pods_InstagramClone.framework */ = {isa = PBXFileReference; explicitFileType = wrapper.framework; includeInIndex = 0; path = Pods_InstagramClone.framework; sourceTree = BUILT_PRODUCTS_DIR; };
		58B50347ECE7C19302C9A89D /* Pods-InstagramClone.debug.xcconfig */ = {isa = PBXFileReference; includeInIndex = 1; lastKnownFileType = text.xcconfig; name = "Pods-InstagramClone.debug.xcconfig"; path = "Target Support Files/Pods-InstagramClone/Pods-InstagramClone.debug.xcconfig"; sourceTree = "<group>"; };
		CD95E9D52BEDF581EF966047 /* Pods-InstagramClone.release.xcconfig */ = {isa = PBXFileReference; includeInIndex = 1; lastKnownFileType = text.xcconfig; name = "Pods-InstagramClone.release.xcconfig"; path = "Target Support Files/Pods-InstagramClone/Pods-InstagramClone.release.xcconfig"; sourceTree = "<group>"; };
		F52E39E5277DD3DF001DD09A /* GoogleService-Info.plist */ = {isa = PBXFileReference; fileEncoding = 4; lastKnownFileType = text.plist.xml; path = "GoogleService-Info.plist"; sourceTree = "<group>"; };
		F52E39E7277DDB0E001DD09A /* ImageUploader.swift */ = {isa = PBXFileReference; lastKnownFileType = sourcecode.swift; path = ImageUploader.swift; sourceTree = "<group>"; };
		F52E39E9277DDB15001DD09A /* AuthService.swift */ = {isa = PBXFileReference; lastKnownFileType = sourcecode.swift; path = AuthService.swift; sourceTree = "<group>"; };
		F52E39FA278CEA42001DD09A /* ProfileCell.swift */ = {isa = PBXFileReference; lastKnownFileType = sourcecode.swift; path = ProfileCell.swift; sourceTree = "<group>"; };
		F52E39FC278CEA6E001DD09A /* ProfileHeader.swift */ = {isa = PBXFileReference; lastKnownFileType = sourcecode.swift; path = ProfileHeader.swift; sourceTree = "<group>"; };
		F52E39FF278D920D001DD09A /* UserService.swift */ = {isa = PBXFileReference; lastKnownFileType = sourcecode.swift; path = UserService.swift; sourceTree = "<group>"; };
		F52E3A01278D9288001DD09A /* Contsants.swift */ = {isa = PBXFileReference; lastKnownFileType = sourcecode.swift; path = Contsants.swift; sourceTree = "<group>"; };
		F52E3A03278D94CD001DD09A /* User.swift */ = {isa = PBXFileReference; lastKnownFileType = sourcecode.swift; path = User.swift; sourceTree = "<group>"; };
		F52E3A05278D9A64001DD09A /* ProfileHeaderViewModel.swift */ = {isa = PBXFileReference; lastKnownFileType = sourcecode.swift; path = ProfileHeaderViewModel.swift; sourceTree = "<group>"; };
		F52E3A07278DB2D5001DD09A /* UserCell.swift */ = {isa = PBXFileReference; lastKnownFileType = sourcecode.swift; path = UserCell.swift; sourceTree = "<group>"; };
		F52E3A09278DE786001DD09A /* UserCellViewModel.swift */ = {isa = PBXFileReference; lastKnownFileType = sourcecode.swift; path = UserCellViewModel.swift; sourceTree = "<group>"; };
		F52E3A0B278F235F001DD09A /* UploadPostController.swift */ = {isa = PBXFileReference; lastKnownFileType = sourcecode.swift; path = UploadPostController.swift; sourceTree = "<group>"; };
		F52E3A0D278F28F1001DD09A /* InputTextView.swift */ = {isa = PBXFileReference; lastKnownFileType = sourcecode.swift; path = InputTextView.swift; sourceTree = "<group>"; };
		F52E3A0F278F3928001DD09A /* PostService.swift */ = {isa = PBXFileReference; lastKnownFileType = sourcecode.swift; path = PostService.swift; sourceTree = "<group>"; };
		F52E3A11278F451B001DD09A /* Post.swift */ = {isa = PBXFileReference; lastKnownFileType = sourcecode.swift; path = Post.swift; sourceTree = "<group>"; };
		F52E3A13278F4586001DD09A /* UserStats.swift */ = {isa = PBXFileReference; lastKnownFileType = sourcecode.swift; path = UserStats.swift; sourceTree = "<group>"; };
		F52E3A15278F4A5E001DD09A /* PostVIewModel.swift */ = {isa = PBXFileReference; lastKnownFileType = sourcecode.swift; path = PostVIewModel.swift; sourceTree = "<group>"; };
		F52E3A1727903249001DD09A /* CommentController.swift */ = {isa = PBXFileReference; lastKnownFileType = sourcecode.swift; path = CommentController.swift; sourceTree = "<group>"; };
		F52E3A192790331C001DD09A /* CommentCell.swift */ = {isa = PBXFileReference; lastKnownFileType = sourcecode.swift; path = CommentCell.swift; sourceTree = "<group>"; };
		F52E3A1B27903C64001DD09A /* CommentInputAccessoryView.swift */ = {isa = PBXFileReference; lastKnownFileType = sourcecode.swift; path = CommentInputAccessoryView.swift; sourceTree = "<group>"; };
		F575665027A1D38E00A6E46A /* CommentViewModel.swift */ = {isa = PBXFileReference; lastKnownFileType = sourcecode.swift; path = CommentViewModel.swift; sourceTree = "<group>"; };
		F59993CE2773842100863EAB /* LoginController.swift */ = {isa = PBXFileReference; lastKnownFileType = sourcecode.swift; path = LoginController.swift; sourceTree = "<group>"; };
		F59993D02773842B00863EAB /* RegistrationController.swift */ = {isa = PBXFileReference; lastKnownFileType = sourcecode.swift; path = RegistrationController.swift; sourceTree = "<group>"; };
		F59993D22773909B00863EAB /* CustomTextField.swift */ = {isa = PBXFileReference; lastKnownFileType = sourcecode.swift; path = CustomTextField.swift; sourceTree = "<group>"; };
		F59993D427739A4100863EAB /* CustomAuthenticationButton.swift */ = {isa = PBXFileReference; lastKnownFileType = sourcecode.swift; path = CustomAuthenticationButton.swift; sourceTree = "<group>"; };
		F59993D62773A6E300863EAB /* AuthViewModel.swift */ = {isa = PBXFileReference; lastKnownFileType = sourcecode.swift; path = AuthViewModel.swift; sourceTree = "<group>"; };
		F5C65A452772F2D80046D9C1 /* InstagramClone.app */ = {isa = PBXFileReference; explicitFileType = wrapper.application; includeInIndex = 0; path = InstagramClone.app; sourceTree = BUILT_PRODUCTS_DIR; };
		F5C65A482772F2D80046D9C1 /* AppDelegate.swift */ = {isa = PBXFileReference; lastKnownFileType = sourcecode.swift; path = AppDelegate.swift; sourceTree = "<group>"; };
		F5C65A4A2772F2D80046D9C1 /* SceneDelegate.swift */ = {isa = PBXFileReference; lastKnownFileType = sourcecode.swift; path = SceneDelegate.swift; sourceTree = "<group>"; };
		F5C65A542772F2DA0046D9C1 /* Base */ = {isa = PBXFileReference; lastKnownFileType = file.storyboard; name = Base; path = Base.lproj/LaunchScreen.storyboard; sourceTree = "<group>"; };
		F5C65A562772F2DA0046D9C1 /* Info.plist */ = {isa = PBXFileReference; lastKnownFileType = text.plist.xml; path = Info.plist; sourceTree = "<group>"; };
		F5C65A5C2772F2FB0046D9C1 /* Assets.xcassets */ = {isa = PBXFileReference; lastKnownFileType = folder.assetcatalog; name = Assets.xcassets; path = ../../../../../Downloads/Assets.xcassets; sourceTree = "<group>"; };
		F5C65A6A2772F4740046D9C1 /* MainTabController.swift */ = {isa = PBXFileReference; lastKnownFileType = sourcecode.swift; path = MainTabController.swift; sourceTree = "<group>"; };
		F5C65A6C2772F5890046D9C1 /* FeedController.swift */ = {isa = PBXFileReference; lastKnownFileType = sourcecode.swift; path = FeedController.swift; sourceTree = "<group>"; };
		F5C65A6E2772F5920046D9C1 /* SearchController.swift */ = {isa = PBXFileReference; lastKnownFileType = sourcecode.swift; path = SearchController.swift; sourceTree = "<group>"; };
		F5C65A702772F5A20046D9C1 /* ImageSelectorController.swift */ = {isa = PBXFileReference; lastKnownFileType = sourcecode.swift; path = ImageSelectorController.swift; sourceTree = "<group>"; };
		F5C65A722772F5BD0046D9C1 /* NotificationsController.swift */ = {isa = PBXFileReference; lastKnownFileType = sourcecode.swift; path = NotificationsController.swift; sourceTree = "<group>"; };
		F5C65A742772F5C50046D9C1 /* ProfileController.swift */ = {isa = PBXFileReference; lastKnownFileType = sourcecode.swift; path = ProfileController.swift; sourceTree = "<group>"; };
		F5C65A762773000F0046D9C1 /* FeedCell.swift */ = {isa = PBXFileReference; lastKnownFileType = sourcecode.swift; path = FeedCell.swift; sourceTree = "<group>"; };
		F5C65A78277301E50046D9C1 /* Extensions.swift */ = {isa = PBXFileReference; fileEncoding = 4; lastKnownFileType = sourcecode.swift; path = Extensions.swift; sourceTree = "<group>"; };
		F5DDA9D427907579008E3938 /* CommentService.swift */ = {isa = PBXFileReference; lastKnownFileType = sourcecode.swift; path = CommentService.swift; sourceTree = "<group>"; };
		F5DDA9D627907C28008E3938 /* Comment.swift */ = {isa = PBXFileReference; lastKnownFileType = sourcecode.swift; path = Comment.swift; sourceTree = "<group>"; };
/* End PBXFileReference section */

/* Begin PBXFrameworksBuildPhase section */
		F5C65A422772F2D80046D9C1 /* Frameworks */ = {
			isa = PBXFrameworksBuildPhase;
			buildActionMask = 2147483647;
			files = (
				970A7DA8AD02F6788DA242E8 /* Pods_InstagramClone.framework in Frameworks */,
			);
			runOnlyForDeploymentPostprocessing = 0;
		};
/* End PBXFrameworksBuildPhase section */

/* Begin PBXGroup section */
		52640680E5B39B864DF3D921 /* Pods */ = {
			isa = PBXGroup;
			children = (
				58B50347ECE7C19302C9A89D /* Pods-InstagramClone.debug.xcconfig */,
				CD95E9D52BEDF581EF966047 /* Pods-InstagramClone.release.xcconfig */,
			);
			path = Pods;
			sourceTree = "<group>";
		};
		692646DFD10011F94F0AD0E4 /* Frameworks */ = {
			isa = PBXGroup;
			children = (
				4D830555451FDA1290E1ECA9 /* Pods_InstagramClone.framework */,
			);
			name = Frameworks;
			sourceTree = "<group>";
		};
		F52E39FE278CEA71001DD09A /* Profile */ = {
			isa = PBXGroup;
			children = (
				F52E39FA278CEA42001DD09A /* ProfileCell.swift */,
				F52E39FC278CEA6E001DD09A /* ProfileHeader.swift */,
			);
			path = Profile;
			sourceTree = "<group>";
		};
		F59993CD2773840B00863EAB /* Auth */ = {
			isa = PBXGroup;
			children = (
				F59993CE2773842100863EAB /* LoginController.swift */,
				F59993D02773842B00863EAB /* RegistrationController.swift */,
			);
			path = Auth;
			sourceTree = "<group>";
		};
		F5C65A3C2772F2D80046D9C1 = {
			isa = PBXGroup;
			children = (
				F5C65A472772F2D80046D9C1 /* InstagramClone */,
				F5C65A462772F2D80046D9C1 /* Products */,
				52640680E5B39B864DF3D921 /* Pods */,
				692646DFD10011F94F0AD0E4 /* Frameworks */,
			);
			sourceTree = "<group>";
		};
		F5C65A462772F2D80046D9C1 /* Products */ = {
			isa = PBXGroup;
			children = (
				F5C65A452772F2D80046D9C1 /* InstagramClone.app */,
			);
			name = Products;
			sourceTree = "<group>";
		};
		F5C65A472772F2D80046D9C1 /* InstagramClone */ = {
			isa = PBXGroup;
			children = (
				F5C65A692772F38D0046D9C1 /* Model */,
				F5C65A682772F38C0046D9C1 /* View */,
				F5C65A672772F38A0046D9C1 /* ViewModel */,
				F5C65A662772F3880046D9C1 /* Controller */,
				F5C65A642772F37E0046D9C1 /* API */,
				F5C65A632772F37C0046D9C1 /* Utils */,
				F5C65A482772F2D80046D9C1 /* AppDelegate.swift */,
				F5C65A4A2772F2D80046D9C1 /* SceneDelegate.swift */,
				F5C65A5C2772F2FB0046D9C1 /* Assets.xcassets */,
				F5C65A532772F2DA0046D9C1 /* LaunchScreen.storyboard */,
				F5C65A562772F2DA0046D9C1 /* Info.plist */,
				F52E39E5277DD3DF001DD09A /* GoogleService-Info.plist */,
			);
			path = InstagramClone;
			sourceTree = "<group>";
		};
		F5C65A632772F37C0046D9C1 /* Utils */ = {
			isa = PBXGroup;
			children = (
				F5C65A78277301E50046D9C1 /* Extensions.swift */,
				F52E3A0D278F28F1001DD09A /* InputTextView.swift */,
				F52E3A01278D9288001DD09A /* Contsants.swift */,
			);
			path = Utils;
			sourceTree = "<group>";
		};
		F5C65A642772F37E0046D9C1 /* API */ = {
			isa = PBXGroup;
			children = (
				F52E39E7277DDB0E001DD09A /* ImageUploader.swift */,
				F52E39E9277DDB15001DD09A /* AuthService.swift */,
				F52E39FF278D920D001DD09A /* UserService.swift */,
				F52E3A0F278F3928001DD09A /* PostService.swift */,
				F5DDA9D427907579008E3938 /* CommentService.swift */,
			);
			path = API;
			sourceTree = "<group>";
		};
		F5C65A662772F3880046D9C1 /* Controller */ = {
			isa = PBXGroup;
			children = (
				F59993CD2773840B00863EAB /* Auth */,
				F5C65A6A2772F4740046D9C1 /* MainTabController.swift */,
				F5C65A6C2772F5890046D9C1 /* FeedController.swift */,
				F5C65A6E2772F5920046D9C1 /* SearchController.swift */,
				F5C65A702772F5A20046D9C1 /* ImageSelectorController.swift */,
				F5C65A722772F5BD0046D9C1 /* NotificationsController.swift */,
				F5C65A742772F5C50046D9C1 /* ProfileController.swift */,
				F52E3A0B278F235F001DD09A /* UploadPostController.swift */,
				F52E3A1727903249001DD09A /* CommentController.swift */,
			);
			path = Controller;
			sourceTree = "<group>";
		};
		F5C65A672772F38A0046D9C1 /* ViewModel */ = {
			isa = PBXGroup;
			children = (
				F59993D62773A6E300863EAB /* AuthViewModel.swift */,
				F52E3A05278D9A64001DD09A /* ProfileHeaderViewModel.swift */,
				F52E3A09278DE786001DD09A /* UserCellViewModel.swift */,
				F52E3A15278F4A5E001DD09A /* PostVIewModel.swift */,
				F575665027A1D38E00A6E46A /* CommentViewModel.swift */,
			);
			path = ViewModel;
			sourceTree = "<group>";
		};
		F5C65A682772F38C0046D9C1 /* View */ = {
			isa = PBXGroup;
			children = (
				F5C65A762773000F0046D9C1 /* FeedCell.swift */,
				F59993D427739A4100863EAB /* CustomAuthenticationButton.swift */,
				F59993D22773909B00863EAB /* CustomTextField.swift */,
				F52E3A192790331C001DD09A /* CommentCell.swift */,
				F52E3A07278DB2D5001DD09A /* UserCell.swift */,
				F52E3A1B27903C64001DD09A /* CommentInputAccessoryView.swift */,
				F52E39FE278CEA71001DD09A /* Profile */,
			);
			path = View;
			sourceTree = "<group>";
		};
		F5C65A692772F38D0046D9C1 /* Model */ = {
			isa = PBXGroup;
			children = (
				F52E3A03278D94CD001DD09A /* User.swift */,
				F52E3A11278F451B001DD09A /* Post.swift */,
				F52E3A13278F4586001DD09A /* UserStats.swift */,
				F5DDA9D627907C28008E3938 /* Comment.swift */,
			);
			path = Model;
			sourceTree = "<group>";
		};
/* End PBXGroup section */

/* Begin PBXNativeTarget section */
		F5C65A442772F2D80046D9C1 /* InstagramClone */ = {
			isa = PBXNativeTarget;
			buildConfigurationList = F5C65A592772F2DA0046D9C1 /* Build configuration list for PBXNativeTarget "InstagramClone" */;
			buildPhases = (
				D73F85203F3802AB3C51971D /* [CP] Check Pods Manifest.lock */,
				F5C65A412772F2D80046D9C1 /* Sources */,
				F5C65A422772F2D80046D9C1 /* Frameworks */,
				F5C65A432772F2D80046D9C1 /* Resources */,
				6C781AA48EB7C92AFF3E0FB5 /* [CP] Embed Pods Frameworks */,
			);
			buildRules = (
			);
			dependencies = (
			);
			name = InstagramClone;
			productName = InstagramClone;
			productReference = F5C65A452772F2D80046D9C1 /* InstagramClone.app */;
			productType = "com.apple.product-type.application";
		};
/* End PBXNativeTarget section */

/* Begin PBXProject section */
		F5C65A3D2772F2D80046D9C1 /* Project object */ = {
			isa = PBXProject;
			attributes = {
				BuildIndependentTargetsInParallel = 1;
				LastSwiftUpdateCheck = 1320;
				LastUpgradeCheck = 1320;
				TargetAttributes = {
					F5C65A442772F2D80046D9C1 = {
						CreatedOnToolsVersion = 13.2.1;
					};
				};
			};
			buildConfigurationList = F5C65A402772F2D80046D9C1 /* Build configuration list for PBXProject "InstagramClone" */;
			compatibilityVersion = "Xcode 13.0";
			developmentRegion = en;
			hasScannedForEncodings = 0;
			knownRegions = (
				en,
				Base,
			);
			mainGroup = F5C65A3C2772F2D80046D9C1;
			productRefGroup = F5C65A462772F2D80046D9C1 /* Products */;
			projectDirPath = "";
			projectRoot = "";
			targets = (
				F5C65A442772F2D80046D9C1 /* InstagramClone */,
			);
		};
/* End PBXProject section */

/* Begin PBXResourcesBuildPhase section */
		F5C65A432772F2D80046D9C1 /* Resources */ = {
			isa = PBXResourcesBuildPhase;
			buildActionMask = 2147483647;
			files = (
				F5C65A552772F2DA0046D9C1 /* LaunchScreen.storyboard in Resources */,
				F5C65A5D2772F2FB0046D9C1 /* Assets.xcassets in Resources */,
				F52E39E6277DD3DF001DD09A /* GoogleService-Info.plist in Resources */,
			);
			runOnlyForDeploymentPostprocessing = 0;
		};
/* End PBXResourcesBuildPhase section */

/* Begin PBXShellScriptBuildPhase section */
		6C781AA48EB7C92AFF3E0FB5 /* [CP] Embed Pods Frameworks */ = {
			isa = PBXShellScriptBuildPhase;
			buildActionMask = 2147483647;
			files = (
			);
			inputFileListPaths = (
				"${PODS_ROOT}/Target Support Files/Pods-InstagramClone/Pods-InstagramClone-frameworks-${CONFIGURATION}-input-files.xcfilelist",
			);
			name = "[CP] Embed Pods Frameworks";
			outputFileListPaths = (
				"${PODS_ROOT}/Target Support Files/Pods-InstagramClone/Pods-InstagramClone-frameworks-${CONFIGURATION}-output-files.xcfilelist",
			);
			runOnlyForDeploymentPostprocessing = 0;
			shellPath = /bin/sh;
			shellScript = "\"${PODS_ROOT}/Target Support Files/Pods-InstagramClone/Pods-InstagramClone-frameworks.sh\"\n";
			showEnvVarsInLog = 0;
		};
		D73F85203F3802AB3C51971D /* [CP] Check Pods Manifest.lock */ = {
			isa = PBXShellScriptBuildPhase;
			buildActionMask = 2147483647;
			files = (
			);
			inputFileListPaths = (
			);
			inputPaths = (
				"${PODS_PODFILE_DIR_PATH}/Podfile.lock",
				"${PODS_ROOT}/Manifest.lock",
			);
			name = "[CP] Check Pods Manifest.lock";
			outputFileListPaths = (
			);
			outputPaths = (
				"$(DERIVED_FILE_DIR)/Pods-InstagramClone-checkManifestLockResult.txt",
			);
			runOnlyForDeploymentPostprocessing = 0;
			shellPath = /bin/sh;
			shellScript = "diff \"${PODS_PODFILE_DIR_PATH}/Podfile.lock\" \"${PODS_ROOT}/Manifest.lock\" > /dev/null\nif [ $? != 0 ] ; then\n    # print error to STDERR\n    echo \"error: The sandbox is not in sync with the Podfile.lock. Run 'pod install' or update your CocoaPods installation.\" >&2\n    exit 1\nfi\n# This output is used by Xcode 'outputs' to avoid re-running this script phase.\necho \"SUCCESS\" > \"${SCRIPT_OUTPUT_FILE_0}\"\n";
			showEnvVarsInLog = 0;
		};
/* End PBXShellScriptBuildPhase section */

/* Begin PBXSourcesBuildPhase section */
		F5C65A412772F2D80046D9C1 /* Sources */ = {
			isa = PBXSourcesBuildPhase;
			buildActionMask = 2147483647;
			files = (
				F52E3A1C27903C64001DD09A /* CommentInputAccessoryView.swift in Sources */,
				F52E3A0A278DE786001DD09A /* UserCellViewModel.swift in Sources */,
				F59993D32773909B00863EAB /* CustomTextField.swift in Sources */,
				F52E3A16278F4A5E001DD09A /* PostVIewModel.swift in Sources */,
				F52E3A0C278F235F001DD09A /* UploadPostController.swift in Sources */,
				F52E39FD278CEA6E001DD09A /* ProfileHeader.swift in Sources */,
				F59993CF2773842100863EAB /* LoginController.swift in Sources */,
				F5DDA9D727907C28008E3938 /* Comment.swift in Sources */,
				F5C65A492772F2D80046D9C1 /* AppDelegate.swift in Sources */,
				F5C65A6F2772F5920046D9C1 /* SearchController.swift in Sources */,
				F5C65A6B2772F4740046D9C1 /* MainTabController.swift in Sources */,
				F52E3A14278F4586001DD09A /* UserStats.swift in Sources */,
				F52E3A02278D9288001DD09A /* Contsants.swift in Sources */,
				F59993D72773A6E300863EAB /* AuthViewModel.swift in Sources */,
				F5DDA9D527907579008E3938 /* CommentService.swift in Sources */,
				F52E3A08278DB2D5001DD09A /* UserCell.swift in Sources */,
				F5C65A4B2772F2D80046D9C1 /* SceneDelegate.swift in Sources */,
				F52E3A1A2790331C001DD09A /* CommentCell.swift in Sources */,
				F5C65A732772F5BD0046D9C1 /* NotificationsController.swift in Sources */,
				F52E3A04278D94CD001DD09A /* User.swift in Sources */,
				F5C65A79277301E50046D9C1 /* Extensions.swift in Sources */,
				F52E3A0E278F28F1001DD09A /* InputTextView.swift in Sources */,
				F5C65A712772F5A20046D9C1 /* ImageSelectorController.swift in Sources */,
				F59993D527739A4100863EAB /* CustomAuthenticationButton.swift in Sources */,
				F575665127A1D38E00A6E46A /* CommentViewModel.swift in Sources */,
				F5C65A6D2772F5890046D9C1 /* FeedController.swift in Sources */,
				F5C65A752772F5C50046D9C1 /* ProfileController.swift in Sources */,
				F52E39E8277DDB0E001DD09A /* ImageUploader.swift in Sources */,
				F52E39EA277DDB15001DD09A /* AuthService.swift in Sources */,
				F52E3A12278F451B001DD09A /* Post.swift in Sources */,
				F52E3A00278D920D001DD09A /* UserService.swift in Sources */,
				F52E3A10278F3928001DD09A /* PostService.swift in Sources */,
				F52E3A06278D9A64001DD09A /* ProfileHeaderViewModel.swift in Sources */,
				F52E39FB278CEA42001DD09A /* ProfileCell.swift in Sources */,
				F52E3A1827903249001DD09A /* CommentController.swift in Sources */,
				F59993D12773842B00863EAB /* RegistrationController.swift in Sources */,
				F5C65A772773000F0046D9C1 /* FeedCell.swift in Sources */,
			);
			runOnlyForDeploymentPostprocessing = 0;
		};
/* End PBXSourcesBuildPhase section */

/* Begin PBXVariantGroup section */
		F5C65A532772F2DA0046D9C1 /* LaunchScreen.storyboard */ = {
			isa = PBXVariantGroup;
			children = (
				F5C65A542772F2DA0046D9C1 /* Base */,
			);
			name = LaunchScreen.storyboard;
			sourceTree = "<group>";
		};
/* End PBXVariantGroup section */

/* Begin XCBuildConfiguration section */
		F5C65A572772F2DA0046D9C1 /* Debug */ = {
			isa = XCBuildConfiguration;
			buildSettings = {
				ALWAYS_SEARCH_USER_PATHS = NO;
				CLANG_ANALYZER_NONNULL = YES;
				CLANG_ANALYZER_NUMBER_OBJECT_CONVERSION = YES_AGGRESSIVE;
				CLANG_CXX_LANGUAGE_STANDARD = "gnu++17";
				CLANG_CXX_LIBRARY = "libc++";
				CLANG_ENABLE_MODULES = YES;
				CLANG_ENABLE_OBJC_ARC = YES;
				CLANG_ENABLE_OBJC_WEAK = YES;
				CLANG_WARN_BLOCK_CAPTURE_AUTORELEASING = YES;
				CLANG_WARN_BOOL_CONVERSION = YES;
				CLANG_WARN_COMMA = YES;
				CLANG_WARN_CONSTANT_CONVERSION = YES;
				CLANG_WARN_DEPRECATED_OBJC_IMPLEMENTATIONS = YES;
				CLANG_WARN_DIRECT_OBJC_ISA_USAGE = YES_ERROR;
				CLANG_WARN_DOCUMENTATION_COMMENTS = YES;
				CLANG_WARN_EMPTY_BODY = YES;
				CLANG_WARN_ENUM_CONVERSION = YES;
				CLANG_WARN_INFINITE_RECURSION = YES;
				CLANG_WARN_INT_CONVERSION = YES;
				CLANG_WARN_NON_LITERAL_NULL_CONVERSION = YES;
				CLANG_WARN_OBJC_IMPLICIT_RETAIN_SELF = YES;
				CLANG_WARN_OBJC_LITERAL_CONVERSION = YES;
				CLANG_WARN_OBJC_ROOT_CLASS = YES_ERROR;
				CLANG_WARN_QUOTED_INCLUDE_IN_FRAMEWORK_HEADER = YES;
				CLANG_WARN_RANGE_LOOP_ANALYSIS = YES;
				CLANG_WARN_STRICT_PROTOTYPES = YES;
				CLANG_WARN_SUSPICIOUS_MOVE = YES;
				CLANG_WARN_UNGUARDED_AVAILABILITY = YES_AGGRESSIVE;
				CLANG_WARN_UNREACHABLE_CODE = YES;
				CLANG_WARN__DUPLICATE_METHOD_MATCH = YES;
				COPY_PHASE_STRIP = NO;
				DEBUG_INFORMATION_FORMAT = dwarf;
				ENABLE_STRICT_OBJC_MSGSEND = YES;
				ENABLE_TESTABILITY = YES;
				GCC_C_LANGUAGE_STANDARD = gnu11;
				GCC_DYNAMIC_NO_PIC = NO;
				GCC_NO_COMMON_BLOCKS = YES;
				GCC_OPTIMIZATION_LEVEL = 0;
				GCC_PREPROCESSOR_DEFINITIONS = (
					"DEBUG=1",
					"$(inherited)",
				);
				GCC_WARN_64_TO_32_BIT_CONVERSION = YES;
				GCC_WARN_ABOUT_RETURN_TYPE = YES_ERROR;
				GCC_WARN_UNDECLARED_SELECTOR = YES;
				GCC_WARN_UNINITIALIZED_AUTOS = YES_AGGRESSIVE;
				GCC_WARN_UNUSED_FUNCTION = YES;
				GCC_WARN_UNUSED_VARIABLE = YES;
				IPHONEOS_DEPLOYMENT_TARGET = 15.2;
				MTL_ENABLE_DEBUG_INFO = INCLUDE_SOURCE;
				MTL_FAST_MATH = YES;
				ONLY_ACTIVE_ARCH = YES;
				SDKROOT = iphoneos;
				SWIFT_ACTIVE_COMPILATION_CONDITIONS = DEBUG;
				SWIFT_OPTIMIZATION_LEVEL = "-Onone";
			};
			name = Debug;
		};
		F5C65A582772F2DA0046D9C1 /* Release */ = {
			isa = XCBuildConfiguration;
			buildSettings = {
				ALWAYS_SEARCH_USER_PATHS = NO;
				CLANG_ANALYZER_NONNULL = YES;
				CLANG_ANALYZER_NUMBER_OBJECT_CONVERSION = YES_AGGRESSIVE;
				CLANG_CXX_LANGUAGE_STANDARD = "gnu++17";
				CLANG_CXX_LIBRARY = "libc++";
				CLANG_ENABLE_MODULES = YES;
				CLANG_ENABLE_OBJC_ARC = YES;
				CLANG_ENABLE_OBJC_WEAK = YES;
				CLANG_WARN_BLOCK_CAPTURE_AUTORELEASING = YES;
				CLANG_WARN_BOOL_CONVERSION = YES;
				CLANG_WARN_COMMA = YES;
				CLANG_WARN_CONSTANT_CONVERSION = YES;
				CLANG_WARN_DEPRECATED_OBJC_IMPLEMENTATIONS = YES;
				CLANG_WARN_DIRECT_OBJC_ISA_USAGE = YES_ERROR;
				CLANG_WARN_DOCUMENTATION_COMMENTS = YES;
				CLANG_WARN_EMPTY_BODY = YES;
				CLANG_WARN_ENUM_CONVERSION = YES;
				CLANG_WARN_INFINITE_RECURSION = YES;
				CLANG_WARN_INT_CONVERSION = YES;
				CLANG_WARN_NON_LITERAL_NULL_CONVERSION = YES;
				CLANG_WARN_OBJC_IMPLICIT_RETAIN_SELF = YES;
				CLANG_WARN_OBJC_LITERAL_CONVERSION = YES;
				CLANG_WARN_OBJC_ROOT_CLASS = YES_ERROR;
				CLANG_WARN_QUOTED_INCLUDE_IN_FRAMEWORK_HEADER = YES;
				CLANG_WARN_RANGE_LOOP_ANALYSIS = YES;
				CLANG_WARN_STRICT_PROTOTYPES = YES;
				CLANG_WARN_SUSPICIOUS_MOVE = YES;
				CLANG_WARN_UNGUARDED_AVAILABILITY = YES_AGGRESSIVE;
				CLANG_WARN_UNREACHABLE_CODE = YES;
				CLANG_WARN__DUPLICATE_METHOD_MATCH = YES;
				COPY_PHASE_STRIP = NO;
				DEBUG_INFORMATION_FORMAT = "dwarf-with-dsym";
				ENABLE_NS_ASSERTIONS = NO;
				ENABLE_STRICT_OBJC_MSGSEND = YES;
				GCC_C_LANGUAGE_STANDARD = gnu11;
				GCC_NO_COMMON_BLOCKS = YES;
				GCC_WARN_64_TO_32_BIT_CONVERSION = YES;
				GCC_WARN_ABOUT_RETURN_TYPE = YES_ERROR;
				GCC_WARN_UNDECLARED_SELECTOR = YES;
				GCC_WARN_UNINITIALIZED_AUTOS = YES_AGGRESSIVE;
				GCC_WARN_UNUSED_FUNCTION = YES;
				GCC_WARN_UNUSED_VARIABLE = YES;
				IPHONEOS_DEPLOYMENT_TARGET = 15.2;
				MTL_ENABLE_DEBUG_INFO = NO;
				MTL_FAST_MATH = YES;
				SDKROOT = iphoneos;
				SWIFT_COMPILATION_MODE = wholemodule;
				SWIFT_OPTIMIZATION_LEVEL = "-O";
				VALIDATE_PRODUCT = YES;
			};
			name = Release;
		};
		F5C65A5A2772F2DA0046D9C1 /* Debug */ = {
			isa = XCBuildConfiguration;
			baseConfigurationReference = 58B50347ECE7C19302C9A89D /* Pods-InstagramClone.debug.xcconfig */;
			buildSettings = {
				ASSETCATALOG_COMPILER_GLOBAL_ACCENT_COLOR_NAME = AccentColor;
				CODE_SIGN_STYLE = Automatic;
				CURRENT_PROJECT_VERSION = 1;
				DEVELOPMENT_TEAM = 4KSAG49HZ9;
				EXCLUDED_ARCHS = arm64;
				GENERATE_INFOPLIST_FILE = YES;
				INFOPLIST_FILE = InstagramClone/Info.plist;
				INFOPLIST_KEY_UIApplicationSupportsIndirectInputEvents = YES;
				INFOPLIST_KEY_UILaunchStoryboardName = LaunchScreen;
				INFOPLIST_KEY_UISupportedInterfaceOrientations_iPad = "UIInterfaceOrientationPortrait UIInterfaceOrientationPortraitUpsideDown UIInterfaceOrientationLandscapeLeft UIInterfaceOrientationLandscapeRight";
				INFOPLIST_KEY_UISupportedInterfaceOrientations_iPhone = "UIInterfaceOrientationPortrait UIInterfaceOrientationLandscapeLeft UIInterfaceOrientationLandscapeRight";
				LD_RUNPATH_SEARCH_PATHS = (
					"$(inherited)",
					"@executable_path/Frameworks",
				);
				MARKETING_VERSION = 1.0;
				PRODUCT_BUNDLE_IDENTIFIER = AndrewKolesnikov.InstagramClone;
				PRODUCT_NAME = "$(TARGET_NAME)";
				SWIFT_EMIT_LOC_STRINGS = YES;
				SWIFT_VERSION = 5.0;
				TARGETED_DEVICE_FAMILY = "1,2";
			};
			name = Debug;
		};
		F5C65A5B2772F2DA0046D9C1 /* Release */ = {
			isa = XCBuildConfiguration;
			baseConfigurationReference = CD95E9D52BEDF581EF966047 /* Pods-InstagramClone.release.xcconfig */;
			buildSettings = {
				ASSETCATALOG_COMPILER_GLOBAL_ACCENT_COLOR_NAME = AccentColor;
				CODE_SIGN_STYLE = Automatic;
				CURRENT_PROJECT_VERSION = 1;
				DEVELOPMENT_TEAM = 4KSAG49HZ9;
				EXCLUDED_ARCHS = arm64;
				GENERATE_INFOPLIST_FILE = YES;
				INFOPLIST_FILE = InstagramClone/Info.plist;
				INFOPLIST_KEY_UIApplicationSupportsIndirectInputEvents = YES;
				INFOPLIST_KEY_UILaunchStoryboardName = LaunchScreen;
				INFOPLIST_KEY_UISupportedInterfaceOrientations_iPad = "UIInterfaceOrientationPortrait UIInterfaceOrientationPortraitUpsideDown UIInterfaceOrientationLandscapeLeft UIInterfaceOrientationLandscapeRight";
				INFOPLIST_KEY_UISupportedInterfaceOrientations_iPhone = "UIInterfaceOrientationPortrait UIInterfaceOrientationLandscapeLeft UIInterfaceOrientationLandscapeRight";
				LD_RUNPATH_SEARCH_PATHS = (
					"$(inherited)",
					"@executable_path/Frameworks",
				);
				MARKETING_VERSION = 1.0;
				PRODUCT_BUNDLE_IDENTIFIER = AndrewKolesnikov.InstagramClone;
				PRODUCT_NAME = "$(TARGET_NAME)";
				SWIFT_EMIT_LOC_STRINGS = YES;
				SWIFT_VERSION = 5.0;
				TARGETED_DEVICE_FAMILY = "1,2";
			};
			name = Release;
		};
/* End XCBuildConfiguration section */

/* Begin XCConfigurationList section */
		F5C65A402772F2D80046D9C1 /* Build configuration list for PBXProject "InstagramClone" */ = {
			isa = XCConfigurationList;
			buildConfigurations = (
				F5C65A572772F2DA0046D9C1 /* Debug */,
				F5C65A582772F2DA0046D9C1 /* Release */,
			);
			defaultConfigurationIsVisible = 0;
			defaultConfigurationName = Release;
		};
		F5C65A592772F2DA0046D9C1 /* Build configuration list for PBXNativeTarget "InstagramClone" */ = {
			isa = XCConfigurationList;
			buildConfigurations = (
				F5C65A5A2772F2DA0046D9C1 /* Debug */,
				F5C65A5B2772F2DA0046D9C1 /* Release */,
			);
			defaultConfigurationIsVisible = 0;
			defaultConfigurationName = Release;
		};
/* End XCConfigurationList section */
	};
	rootObject = F5C65A3D2772F2D80046D9C1 /* Project object */;
}
